
Microsoft Visual Studio Solution File, Format Version 12.00
Project("{F2A71F9B-5D33-465A-A702-920D77279786}") = "Day01", "Day01\Day01.fsproj", "{330CED78-723D-4290-8ABD-F18B29728A84}"
EndProject
Project("{F2A71F9B-5D33-465A-A702-920D77279786}") = "Day02", "Day02\Day02.fsproj", "{B3F5FC2C-9253-4E26-8B5D-AF537DE8A16D}"
EndProject
Project("{F2A71F9B-5D33-465A-A702-920D77279786}") = "Day03", "Day03\Day03.fsproj", "{3EB66D3C-D6CC-4BC7-A68C-C472819419F2}"
EndProject
Project("{F2A71F9B-5D33-465A-A702-920D77279786}") = "Common", "Common\Common.fsproj", "{05CD2E46-C878-451F-9C3E-2B43D5522E58}"
EndProject
Project("{F2A71F9B-5D33-465A-A702-920D77279786}") = "Common.Test", "Common.Test\Common.Test.fsproj", "{04CA1EC8-4E3E-4426-95FE-75743D545126}"
EndProject
Project("{F2A71F9B-5D33-465A-A702-920D77279786}") = "Day06", "Day06\Day06.fsproj", "{96AD4829-A843-485B-9499-405AE25EF9A0}"
EndProject
Project("{F2A71F9B-5D33-465A-A702-920D77279786}") = "Day07", "Day07\Day07.fsproj", "{BEE975F1-4750-4F0C-BEAA-86FD126A3568}"
EndProject
Project("{F2A71F9B-5D33-465A-A702-920D77279786}") = "Day04", "Day04\Day04.fsproj", "{2AF5E474-4B84-4FA0-B89C-8B375B4F7974}"
EndProject
Project("{F2A71F9B-5D33-465A-A702-920D77279786}") = "Day05", "Day05\Day05.fsproj", "{3A6623BA-FFBA-4AA9-B051-442C474C704A}"
EndProject
Project("{F2A71F9B-5D33-465A-A702-920D77279786}") = "Day08", "Day08\Day08.fsproj", "{3E2C57F9-579F-412E-B3E4-34B447065140}"
EndProject
Project("{F2A71F9B-5D33-465A-A702-920D77279786}") = "Day09", "Day09\Day09.fsproj", "{C0F2B8B4-6C87-44FA-B5A8-67F7BA1E130F}"
EndProject
Project("{F2A71F9B-5D33-465A-A702-920D77279786}") = "Day10", "Day10\Day10.fsproj", "{77135CAD-7529-4566-84F3-826E8FFAEF59}"
EndProject
Project("{F2A71F9B-5D33-465A-A702-920D77279786}") = "Day11", "Day11\Day11.fsproj", "{6AA3531A-C748-4387-81BC-7E1891B28542}"
EndProject
Project("{F2A71F9B-5D33-465A-A702-920D77279786}") = "Day12", "Day12\Day12.fsproj", "{7D19EB5A-1F79-425A-BA3A-7F714E9C9EB7}"
EndProject
Project("{F2A71F9B-5D33-465A-A702-920D77279786}") = "Gomu", "Gomu\Gomu.fsproj", "{55479901-2839-48F8-9E31-C305D4298C0A}"
EndProject
Global
	GlobalSection(SolutionConfigurationPlatforms) = preSolution
		Debug|Any CPU = Debug|Any CPU
		Release|Any CPU = Release|Any CPU
	EndGlobalSection
	GlobalSection(ProjectConfigurationPlatforms) = postSolution
		{330CED78-723D-4290-8ABD-F18B29728A84}.Debug|Any CPU.ActiveCfg = Debug|Any CPU
		{330CED78-723D-4290-8ABD-F18B29728A84}.Debug|Any CPU.Build.0 = Debug|Any CPU
		{330CED78-723D-4290-8ABD-F18B29728A84}.Release|Any CPU.ActiveCfg = Release|Any CPU
		{330CED78-723D-4290-8ABD-F18B29728A84}.Release|Any CPU.Build.0 = Release|Any CPU
		{B3F5FC2C-9253-4E26-8B5D-AF537DE8A16D}.Debug|Any CPU.ActiveCfg = Debug|Any CPU
		{B3F5FC2C-9253-4E26-8B5D-AF537DE8A16D}.Debug|Any CPU.Build.0 = Debug|Any CPU
		{B3F5FC2C-9253-4E26-8B5D-AF537DE8A16D}.Release|Any CPU.ActiveCfg = Release|Any CPU
		{B3F5FC2C-9253-4E26-8B5D-AF537DE8A16D}.Release|Any CPU.Build.0 = Release|Any CPU
		{3EB66D3C-D6CC-4BC7-A68C-C472819419F2}.Debug|Any CPU.ActiveCfg = Debug|Any CPU
		{3EB66D3C-D6CC-4BC7-A68C-C472819419F2}.Debug|Any CPU.Build.0 = Debug|Any CPU
		{3EB66D3C-D6CC-4BC7-A68C-C472819419F2}.Release|Any CPU.ActiveCfg = Release|Any CPU
		{3EB66D3C-D6CC-4BC7-A68C-C472819419F2}.Release|Any CPU.Build.0 = Release|Any CPU
		{05CD2E46-C878-451F-9C3E-2B43D5522E58}.Debug|Any CPU.ActiveCfg = Debug|Any CPU
		{05CD2E46-C878-451F-9C3E-2B43D5522E58}.Debug|Any CPU.Build.0 = Debug|Any CPU
		{05CD2E46-C878-451F-9C3E-2B43D5522E58}.Release|Any CPU.ActiveCfg = Release|Any CPU
		{05CD2E46-C878-451F-9C3E-2B43D5522E58}.Release|Any CPU.Build.0 = Release|Any CPU
		{04CA1EC8-4E3E-4426-95FE-75743D545126}.Debug|Any CPU.ActiveCfg = Debug|Any CPU
		{04CA1EC8-4E3E-4426-95FE-75743D545126}.Debug|Any CPU.Build.0 = Debug|Any CPU
		{04CA1EC8-4E3E-4426-95FE-75743D545126}.Release|Any CPU.ActiveCfg = Release|Any CPU
		{04CA1EC8-4E3E-4426-95FE-75743D545126}.Release|Any CPU.Build.0 = Release|Any CPU
		{96AD4829-A843-485B-9499-405AE25EF9A0}.Debug|Any CPU.ActiveCfg = Debug|Any CPU
		{96AD4829-A843-485B-9499-405AE25EF9A0}.Debug|Any CPU.Build.0 = Debug|Any CPU
		{96AD4829-A843-485B-9499-405AE25EF9A0}.Release|Any CPU.ActiveCfg = Release|Any CPU
		{96AD4829-A843-485B-9499-405AE25EF9A0}.Release|Any CPU.Build.0 = Release|Any CPU
		{BEE975F1-4750-4F0C-BEAA-86FD126A3568}.Debug|Any CPU.ActiveCfg = Debug|Any CPU
		{BEE975F1-4750-4F0C-BEAA-86FD126A3568}.Debug|Any CPU.Build.0 = Debug|Any CPU
		{BEE975F1-4750-4F0C-BEAA-86FD126A3568}.Release|Any CPU.ActiveCfg = Release|Any CPU
		{BEE975F1-4750-4F0C-BEAA-86FD126A3568}.Release|Any CPU.Build.0 = Release|Any CPU
		{2AF5E474-4B84-4FA0-B89C-8B375B4F7974}.Debug|Any CPU.ActiveCfg = Debug|Any CPU
		{2AF5E474-4B84-4FA0-B89C-8B375B4F7974}.Debug|Any CPU.Build.0 = Debug|Any CPU
		{2AF5E474-4B84-4FA0-B89C-8B375B4F7974}.Release|Any CPU.ActiveCfg = Release|Any CPU
		{2AF5E474-4B84-4FA0-B89C-8B375B4F7974}.Release|Any CPU.Build.0 = Release|Any CPU
		{3A6623BA-FFBA-4AA9-B051-442C474C704A}.Debug|Any CPU.ActiveCfg = Debug|Any CPU
		{3A6623BA-FFBA-4AA9-B051-442C474C704A}.Debug|Any CPU.Build.0 = Debug|Any CPU
		{3A6623BA-FFBA-4AA9-B051-442C474C704A}.Release|Any CPU.ActiveCfg = Release|Any CPU
		{3A6623BA-FFBA-4AA9-B051-442C474C704A}.Release|Any CPU.Build.0 = Release|Any CPU
		{3E2C57F9-579F-412E-B3E4-34B447065140}.Debug|Any CPU.ActiveCfg = Debug|Any CPU
		{3E2C57F9-579F-412E-B3E4-34B447065140}.Debug|Any CPU.Build.0 = Debug|Any CPU
		{3E2C57F9-579F-412E-B3E4-34B447065140}.Release|Any CPU.ActiveCfg = Release|Any CPU
		{3E2C57F9-579F-412E-B3E4-34B447065140}.Release|Any CPU.Build.0 = Release|Any CPU
		{C0F2B8B4-6C87-44FA-B5A8-67F7BA1E130F}.Debug|Any CPU.ActiveCfg = Debug|Any CPU
		{C0F2B8B4-6C87-44FA-B5A8-67F7BA1E130F}.Debug|Any CPU.Build.0 = Debug|Any CPU
		{C0F2B8B4-6C87-44FA-B5A8-67F7BA1E130F}.Release|Any CPU.ActiveCfg = Release|Any CPU
		{C0F2B8B4-6C87-44FA-B5A8-67F7BA1E130F}.Release|Any CPU.Build.0 = Release|Any CPU
		{77135CAD-7529-4566-84F3-826E8FFAEF59}.Debug|Any CPU.ActiveCfg = Debug|Any CPU
		{77135CAD-7529-4566-84F3-826E8FFAEF59}.Debug|Any CPU.Build.0 = Debug|Any CPU
		{77135CAD-7529-4566-84F3-826E8FFAEF59}.Release|Any CPU.ActiveCfg = Release|Any CPU
		{77135CAD-7529-4566-84F3-826E8FFAEF59}.Release|Any CPU.Build.0 = Release|Any CPU
		{6AA3531A-C748-4387-81BC-7E1891B28542}.Debug|Any CPU.ActiveCfg = Debug|Any CPU
		{6AA3531A-C748-4387-81BC-7E1891B28542}.Debug|Any CPU.Build.0 = Debug|Any CPU
		{6AA3531A-C748-4387-81BC-7E1891B28542}.Release|Any CPU.ActiveCfg = Release|Any CPU
		{6AA3531A-C748-4387-81BC-7E1891B28542}.Release|Any CPU.Build.0 = Release|Any CPU
		{7D19EB5A-1F79-425A-BA3A-7F714E9C9EB7}.Debug|Any CPU.ActiveCfg = Debug|Any CPU
		{7D19EB5A-1F79-425A-BA3A-7F714E9C9EB7}.Debug|Any CPU.Build.0 = Debug|Any CPU
		{7D19EB5A-1F79-425A-BA3A-7F714E9C9EB7}.Release|Any CPU.ActiveCfg = Release|Any CPU
		{7D19EB5A-1F79-425A-BA3A-7F714E9C9EB7}.Release|Any CPU.Build.0 = Release|Any CPU
		{55479901-2839-48F8-9E31-C305D4298C0A}.Debug|Any CPU.ActiveCfg = Debug|Any CPU
		{55479901-2839-48F8-9E31-C305D4298C0A}.Debug|Any CPU.Build.0 = Debug|Any CPU
		{55479901-2839-48F8-9E31-C305D4298C0A}.Release|Any CPU.ActiveCfg = Release|Any CPU
		{55479901-2839-48F8-9E31-C305D4298C0A}.Release|Any CPU.Build.0 = Release|Any CPU
	EndGlobalSection
EndGlobal
